{
  "name": "in4mahcy",
  "version": "0.0.1",
  "dependencies": {
    "async": {
      "version": "0.2.6",
      "from": "async@0.2.6"
    },
    "coffee-script": {
      "version": "1.6.2",
      "from": "coffee-script@1.6.2"
    },
    "express": {
      "version": "3.1.1",
      "from": "express@3.1.1",
      "dependencies": {
        "connect": {
          "version": "2.7.4",
          "from": "connect@2.7.4",
          "dependencies": {
            "qs": {
              "version": "0.5.1",
              "from": "qs@0.5.1"
            },
            "formidable": {
              "version": "1.0.11",
              "from": "formidable@1.0.11"
            },
            "buffer-crc32": {
              "version": "0.1.1",
              "from": "buffer-crc32@0.1.1"
            },
            "bytes": {
              "version": "0.2.0",
              "from": "bytes@0.2.0"
            },
            "pause": {
              "version": "0.0.1",
              "from": "pause@0.0.1"
            }
          }
        },
        "commander": {
          "version": "0.6.1",
          "from": "commander@0.6.1"
        },
        "range-parser": {
          "version": "0.0.4",
          "from": "range-parser@0.0.4"
        },
        "mkdirp": {
          "version": "0.3.5",
          "from": "mkdirp@~0.3.4"
        },
        "cookie": {
          "version": "0.0.5",
          "from": "cookie@0.0.5"
        },
        "buffer-crc32": {
          "version": "0.2.1",
          "from": "buffer-crc32@~0.2.1"
        },
        "fresh": {
          "version": "0.1.0",
          "from": "fresh@0.1.0"
        },
        "methods": {
          "version": "0.0.1",
          "from": "methods@0.0.1"
        },
        "send": {
          "version": "0.1.0",
          "from": "send@0.1.0",
          "dependencies": {
            "mime": {
              "version": "1.2.6",
              "from": "mime@1.2.6"
            }
          }
        },
        "cookie-signature": {
          "version": "0.0.1",
          "from": "cookie-signature@0.0.1"
        },
        "debug": {
          "version": "0.7.2",
          "from": "debug@*"
        }
      }
    },
    "less-middleware": {
      "version": "0.1.11",
      "from": "less-middleware@0.1.11",
      "dependencies": {
        "less": {
          "version": "1.3.3",
          "from": "less@>= 1.3.3",
          "dependencies": {
            "ycssmin": {
              "version": "1.0.1",
              "from": "ycssmin@>=1.0.1"
            }
          }
        },
        "mkdirp": {
          "version": "0.3.5",
          "from": "mkdirp@>= 0.3.1"
        }
      }
    },
    "jade": {
      "version": "0.28.2",
      "from": "jade@0.x.x",
      "dependencies": {
        "commander": {
          "version": "0.6.1",
          "from": "commander@0.6.1"
        },
        "mkdirp": {
          "version": "0.3.5",
          "from": "mkdirp@0.3.x"
        }
      }
    },
    "bunyan": {
      "version": "0.21.0",
      "from": "bunyan@0.21.0",
      "dependencies": {
        "mv": {
          "version": "0.0.5",
          "from": "mv@0.0.5"
        },
        "dtrace-provider": {
          "version": "0.2.8",
          "from": "dtrace-provider@0.2.8"
        }
      }
    },
    "neo4j": {
      "version": "0.2.19",
      "from": "neo4j@0.2.x",
      "dependencies": {
        "coffee-script": {
          "version": "1.3.3",
          "from": "coffee-script@~1.3.1"
        },
        "http-status": {
          "version": "0.1.1",
          "from": "http-status@~0.1.0"
        },
        "request": {
          "version": "2.9.203",
          "from": "request@~2.9.202"
        },
        "streamline": {
          "version": "0.4.7",
          "from": "streamline@0.4.7"
        }
      }
    },
    "moment": {
      "version": "2.0.0",
      "from": "moment@2.0.x"
    },
    "chai": {
      "version": "1.5.0",
      "from": "chai@1.5.x"
    },
    "supervisor": {
      "version": "0.5.2",
      "from": "supervisor"
    },
    "mocha": {
      "version": "1.8.1",
      "from": "mocha@1.8.x",
      "dependencies": {
        "commander": {
          "version": "0.6.1",
          "from": "commander@0.6.1"
        },
        "growl": {
          "version": "1.7.0",
          "from": "growl@1.7.x"
        },
        "jade": {
          "version": "0.26.3",
          "from": "jade@0.26.3",
          "dependencies": {
            "mkdirp": {
              "version": "0.3.0",
              "from": "mkdirp@0.3.0"
            }
          }
        },
        "diff": {
          "version": "1.0.2",
          "from": "diff@1.0.2"
        },
        "debug": {
          "version": "0.7.2",
          "from": "debug@*"
        },
        "mkdirp": {
          "version": "0.3.3",
          "from": "mkdirp@0.3.3"
        },
        "ms": {
          "version": "0.3.0",
          "from": "ms@0.3.0"
        }
      }
    }
  }
}
